
Microsoft Visual Studio Solution File, Format Version 12.00
# Visual Studio Version 16
VisualStudioVersion = 16.0.30804.86
MinimumVisualStudioVersion = 10.0.40219.1
Project("{FAE04EC0-301F-11D3-BF4B-00C04F79EFBC}") = "CompConstructor", "CompConstructor\CompConstructor.csproj", "{AA10FCD0-503F-4C13-80C9-E9798FE42B50}"
EndProject
Global
	GlobalSection(SolutionConfigurationPlatforms) = preSolution
		Debug|Any CPU = Debug|Any CPU
		Release|Any CPU = Release|Any CPU
	EndGlobalSection
	GlobalSection(ProjectConfigurationPlatforms) = postSolution
		{AA10FCD0-503F-4C13-80C9-E9798FE42B50}.Debug|Any CPU.ActiveCfg = Debug|Any CPU
		{AA10FCD0-503F-4C13-80C9-E9798FE42B50}.Debug|Any CPU.Build.0 = Debug|Any CPU
		{AA10FCD0-503F-4C13-80C9-E9798FE42B50}.Release|Any CPU.ActiveCfg = Release|Any CPU
		{AA10FCD0-503F-4C13-80C9-E9798FE42B50}.Release|Any CPU.Build.0 = Release|Any CPU
	EndGlobalSection
	GlobalSection(SolutionProperties) = preSolution
		HideSolutionNode = FALSE
	EndGlobalSection
	GlobalSection(ExtensibilityGlobals) = postSolution
		SolutionGuid = {072CDE94-EFEC-4A24-BADE-ED5ECE9A89DB}
	EndGlobalSection
EndGlobal
